
Microsoft Visual Studio Solution File, Format Version 12.00
# Visual Studio 15
VisualStudioVersion = 15.0.26430.6
MinimumVisualStudioVersion = 10.0.40219.1
Project("{FAE04EC0-301F-11D3-BF4B-00C04F79EFBC}") = "Samples.WinForms", "Samples.WinForms\Samples.WinForms.csproj", "{578C4AB5-8DC9-42D4-811C-4858178D7BDA}"
EndProject
Project("{FAE04EC0-301F-11D3-BF4B-00C04F79EFBC}") = "Samples.Console", "Samples.Console\Samples.Console.csproj", "{38F884ED-BFC6-4829-A7EC-62575EEB24CE}"
EndProject
Global
	GlobalSection(SolutionConfigurationPlatforms) = preSolution
		Debug|Any CPU = Debug|Any CPU
		Release|Any CPU = Release|Any CPU
	EndGlobalSection
	GlobalSection(ProjectConfigurationPlatforms) = postSolution
		{578C4AB5-8DC9-42D4-811C-4858178D7BDA}.Debug|Any CPU.ActiveCfg = Debug|Any CPU
		{578C4AB5-8DC9-42D4-811C-4858178D7BDA}.Debug|Any CPU.Build.0 = Debug|Any CPU
		{578C4AB5-8DC9-42D4-811C-4858178D7BDA}.Release|Any CPU.ActiveCfg = Release|Any CPU
		{578C4AB5-8DC9-42D4-811C-4858178D7BDA}.Release|Any CPU.Build.0 = Release|Any CPU
		{38F884ED-BFC6-4829-A7EC-62575EEB24CE}.Debug|Any CPU.ActiveCfg = Debug|Any CPU
		{38F884ED-BFC6-4829-A7EC-62575EEB24CE}.Debug|Any CPU.Build.0 = Debug|Any CPU
		{38F884ED-BFC6-4829-A7EC-62575EEB24CE}.Release|Any CPU.ActiveCfg = Release|Any CPU
		{38F884ED-BFC6-4829-A7EC-62575EEB24CE}.Release|Any CPU.Build.0 = Release|Any CPU
	EndGlobalSection
	GlobalSection(SolutionProperties) = preSolution
		HideSolutionNode = FALSE
	EndGlobalSection
EndGlobal
